
Microsoft Visual Studio Solution File, Format Version 12.00
# Visual Studio Version 17
VisualStudioVersion = 17.5.33530.505
MinimumVisualStudioVersion = 10.0.40219.1
Project("{FAE04EC0-301F-11D3-BF4B-00C04F79EFBC}") = "Budgetty App v.1", "Budget Management Tool - Ajdin M\Budgetty App v.1.csproj", "{B1DDE9C1-485D-42A6-B548-E552EBB5BDBC}"
EndProject
Global
	GlobalSection(SolutionConfigurationPlatforms) = preSolution
		Debug|Any CPU = Debug|Any CPU
		Release|Any CPU = Release|Any CPU
	EndGlobalSection
	GlobalSection(ProjectConfigurationPlatforms) = postSolution
		{B1DDE9C1-485D-42A6-B548-E552EBB5BDBC}.Debug|Any CPU.ActiveCfg = Debug|Any CPU
		{B1DDE9C1-485D-42A6-B548-E552EBB5BDBC}.Debug|Any CPU.Build.0 = Debug|Any CPU
		{B1DDE9C1-485D-42A6-B548-E552EBB5BDBC}.Release|Any CPU.ActiveCfg = Release|Any CPU
		{B1DDE9C1-485D-42A6-B548-E552EBB5BDBC}.Release|Any CPU.Build.0 = Release|Any CPU
	EndGlobalSection
	GlobalSection(SolutionProperties) = preSolution
		HideSolutionNode = FALSE
	EndGlobalSection
	GlobalSection(ExtensibilityGlobals) = postSolution
		SolutionGuid = {6D6ABA04-6F02-447D-A9B9-2D6C0D38E050}
	EndGlobalSection
EndGlobal
